
Microsoft Visual Studio Solution File, Format Version 12.00
# Visual Studio Version 17
VisualStudioVersion = 17.0.31919.166
MinimumVisualStudioVersion = 10.0.40219.1
Project("{FAE04EC0-301F-11D3-BF4B-00C04F79EFBC}") = "SMNG.Product", "SMNG.Product\SMNG.Product.csproj", "{E2D356F0-7571-4964-B580-3158E414BED3}"
EndProject
Global
	GlobalSection(SolutionConfigurationPlatforms) = preSolution
		Debug|Any CPU = Debug|Any CPU
		Release|Any CPU = Release|Any CPU
	EndGlobalSection
	GlobalSection(ProjectConfigurationPlatforms) = postSolution
		{E2D356F0-7571-4964-B580-3158E414BED3}.Debug|Any CPU.ActiveCfg = Debug|Any CPU
		{E2D356F0-7571-4964-B580-3158E414BED3}.Debug|Any CPU.Build.0 = Debug|Any CPU
		{E2D356F0-7571-4964-B580-3158E414BED3}.Release|Any CPU.ActiveCfg = Release|Any CPU
		{E2D356F0-7571-4964-B580-3158E414BED3}.Release|Any CPU.Build.0 = Release|Any CPU
	EndGlobalSection
	GlobalSection(SolutionProperties) = preSolution
		HideSolutionNode = FALSE
	EndGlobalSection
	GlobalSection(ExtensibilityGlobals) = postSolution
		SolutionGuid = {0F7EE3ED-BFEB-47CA-8243-0E8226F8F447}
	EndGlobalSection
EndGlobal
